{
  "requires": true,
  "lockfileVersion": 1,
  "dependencies": {
    "vee-validate": {
      "version": "4.4.2",
      "resolved": "https://registry.npmjs.org/vee-validate/-/vee-validate-4.4.2.tgz",
      "integrity": "sha512-1AUYjH3IUIAKXzCk4YwQjtMvFXKZAOkQbB3PEJSqQUhm2EYHFvt3P/F+FLHfHQbYMZA26hGbjGRoFeu7Ik5wlw=="
    }
  }
}
